
Microsoft Visual Studio Solution File, Format Version 12.00
# Visual Studio Version 17
VisualStudioVersion = 17.12.35527.113
MinimumVisualStudioVersion = 10.0.40219.1
Project("{FAE04EC0-301F-11D3-BF4B-00C04F79EFBC}") = "Demo", "Demo\Demo.csproj", "{8EEE8ADB-A65B-4637-95CA-47748FE03991}"
EndProject
Project("{FAE04EC0-301F-11D3-BF4B-00C04F79EFBC}") = "Assignment", "Assignment\Assignment.csproj", "{3D9688D2-4127-4FF7-BDA8-B3836DF6F08D}"
EndProject
Global
	GlobalSection(SolutionConfigurationPlatforms) = preSolution
		Debug|Any CPU = Debug|Any CPU
		Release|Any CPU = Release|Any CPU
	EndGlobalSection
	GlobalSection(ProjectConfigurationPlatforms) = postSolution
		{8EEE8ADB-A65B-4637-95CA-47748FE03991}.Debug|Any CPU.ActiveCfg = Debug|Any CPU
		{8EEE8ADB-A65B-4637-95CA-47748FE03991}.Debug|Any CPU.Build.0 = Debug|Any CPU
		{8EEE8ADB-A65B-4637-95CA-47748FE03991}.Release|Any CPU.ActiveCfg = Release|Any CPU
		{8EEE8ADB-A65B-4637-95CA-47748FE03991}.Release|Any CPU.Build.0 = Release|Any CPU
		{3D9688D2-4127-4FF7-BDA8-B3836DF6F08D}.Debug|Any CPU.ActiveCfg = Debug|Any CPU
		{3D9688D2-4127-4FF7-BDA8-B3836DF6F08D}.Debug|Any CPU.Build.0 = Debug|Any CPU
		{3D9688D2-4127-4FF7-BDA8-B3836DF6F08D}.Release|Any CPU.ActiveCfg = Release|Any CPU
		{3D9688D2-4127-4FF7-BDA8-B3836DF6F08D}.Release|Any CPU.Build.0 = Release|Any CPU
	EndGlobalSection
	GlobalSection(SolutionProperties) = preSolution
		HideSolutionNode = FALSE
	EndGlobalSection
EndGlobal
